
Microsoft Visual Studio Solution File, Format Version 12.00
Project("{2150E333-8FDC-42A3-9474-1A3956D46DE8}") = "Services", "Services", "{F94C20BF-C130-4446-9D2F-A74619B6B1FD}"
EndProject
Project("{2150E333-8FDC-42A3-9474-1A3956D46DE8}") = "Catalog", "Catalog", "{AD77EBD4-6941-4F91-9BE5-47503D90E32A}"
EndProject
Project("{FAE04EC0-301F-11D3-BF4B-00C04F79EFBC}") = "Catalog.API", "Services\Catalog\Catalog.API\Catalog.API.csproj", "{59F1C1DB-6822-4624-8E29-FEC58A57674D}"
EndProject
Project("{2150E333-8FDC-42A3-9474-1A3956D46DE8}") = "BuildingBlocks", "BuildingBlocks", "{D4AF2DA5-2B8C-4B7D-B748-01FBE06EC4D2}"
EndProject
Project("{FAE04EC0-301F-11D3-BF4B-00C04F79EFBC}") = "BuildingBlocks", "BuildingBlocks\BuildingBlocks\BuildingBlocks.csproj", "{AF73EACC-099D-4975-BE11-EB55314E3C79}"
EndProject
Project("{2150E333-8FDC-42A3-9474-1A3956D46DE8}") = "Solution Items", "Solution Items", "{603392D7-4BF2-4CC1-B937-29059132CFDE}"
EndProject
Project("{2150E333-8FDC-42A3-9474-1A3956D46DE8}") = "Basket", "Basket", "{FB7979D0-3024-4FCA-8ACB-A377A34E2DE7}"
EndProject
Project("{FAE04EC0-301F-11D3-BF4B-00C04F79EFBC}") = "Basket.API", "Services\Basket\Basket.API\Basket.API.csproj", "{CBF6E4C9-07D2-4D9A-A4AE-FC777A4972F5}"
EndProject
Project("{2150E333-8FDC-42A3-9474-1A3956D46DE8}") = "Discount", "Discount", "{241ADD3A-17A6-4EE6-8F7D-C623AA4C2678}"
EndProject
Project("{FAE04EC0-301F-11D3-BF4B-00C04F79EFBC}") = "Discount.Grpc", "Discount.Grpc\Discount.Grpc.csproj", "{17AA1ADC-4993-422B-8958-0774B29E52F2}"
EndProject
Project("{2150E333-8FDC-42A3-9474-1A3956D46DE8}") = "Ordering", "Ordering", "{6B33412E-62BF-4E63-A86A-8C9708F98B77}"
EndProject
Project("{FAE04EC0-301F-11D3-BF4B-00C04F79EFBC}") = "Ordering.API", "Services\Ordering\Ordering.API\Ordering.API.csproj", "{90F7284F-FADC-439C-BF60-C378989C06D5}"
EndProject
Global
	GlobalSection(SolutionConfigurationPlatforms) = preSolution
		Debug|Any CPU = Debug|Any CPU
		Release|Any CPU = Release|Any CPU
	EndGlobalSection
	GlobalSection(NestedProjects) = preSolution
		{AD77EBD4-6941-4F91-9BE5-47503D90E32A} = {F94C20BF-C130-4446-9D2F-A74619B6B1FD}
		{59F1C1DB-6822-4624-8E29-FEC58A57674D} = {AD77EBD4-6941-4F91-9BE5-47503D90E32A}
		{AF73EACC-099D-4975-BE11-EB55314E3C79} = {D4AF2DA5-2B8C-4B7D-B748-01FBE06EC4D2}
		{FB7979D0-3024-4FCA-8ACB-A377A34E2DE7} = {F94C20BF-C130-4446-9D2F-A74619B6B1FD}
		{CBF6E4C9-07D2-4D9A-A4AE-FC777A4972F5} = {FB7979D0-3024-4FCA-8ACB-A377A34E2DE7}
		{241ADD3A-17A6-4EE6-8F7D-C623AA4C2678} = {F94C20BF-C130-4446-9D2F-A74619B6B1FD}
		{17AA1ADC-4993-422B-8958-0774B29E52F2} = {241ADD3A-17A6-4EE6-8F7D-C623AA4C2678}
		{6B33412E-62BF-4E63-A86A-8C9708F98B77} = {F94C20BF-C130-4446-9D2F-A74619B6B1FD}
		{90F7284F-FADC-439C-BF60-C378989C06D5} = {6B33412E-62BF-4E63-A86A-8C9708F98B77}
	EndGlobalSection
	GlobalSection(ProjectConfigurationPlatforms) = postSolution
		{59F1C1DB-6822-4624-8E29-FEC58A57674D}.Debug|Any CPU.ActiveCfg = Debug|Any CPU
		{59F1C1DB-6822-4624-8E29-FEC58A57674D}.Debug|Any CPU.Build.0 = Debug|Any CPU
		{59F1C1DB-6822-4624-8E29-FEC58A57674D}.Release|Any CPU.ActiveCfg = Release|Any CPU
		{59F1C1DB-6822-4624-8E29-FEC58A57674D}.Release|Any CPU.Build.0 = Release|Any CPU
		{AF73EACC-099D-4975-BE11-EB55314E3C79}.Debug|Any CPU.ActiveCfg = Debug|Any CPU
		{AF73EACC-099D-4975-BE11-EB55314E3C79}.Debug|Any CPU.Build.0 = Debug|Any CPU
		{AF73EACC-099D-4975-BE11-EB55314E3C79}.Release|Any CPU.ActiveCfg = Release|Any CPU
		{AF73EACC-099D-4975-BE11-EB55314E3C79}.Release|Any CPU.Build.0 = Release|Any CPU
		{CBF6E4C9-07D2-4D9A-A4AE-FC777A4972F5}.Debug|Any CPU.ActiveCfg = Debug|Any CPU
		{CBF6E4C9-07D2-4D9A-A4AE-FC777A4972F5}.Debug|Any CPU.Build.0 = Debug|Any CPU
		{CBF6E4C9-07D2-4D9A-A4AE-FC777A4972F5}.Release|Any CPU.ActiveCfg = Release|Any CPU
		{CBF6E4C9-07D2-4D9A-A4AE-FC777A4972F5}.Release|Any CPU.Build.0 = Release|Any CPU
		{17AA1ADC-4993-422B-8958-0774B29E52F2}.Debug|Any CPU.ActiveCfg = Debug|Any CPU
		{17AA1ADC-4993-422B-8958-0774B29E52F2}.Debug|Any CPU.Build.0 = Debug|Any CPU
		{17AA1ADC-4993-422B-8958-0774B29E52F2}.Release|Any CPU.ActiveCfg = Release|Any CPU
		{17AA1ADC-4993-422B-8958-0774B29E52F2}.Release|Any CPU.Build.0 = Release|Any CPU
		{90F7284F-FADC-439C-BF60-C378989C06D5}.Debug|Any CPU.ActiveCfg = Debug|Any CPU
		{90F7284F-FADC-439C-BF60-C378989C06D5}.Debug|Any CPU.Build.0 = Debug|Any CPU
		{90F7284F-FADC-439C-BF60-C378989C06D5}.Release|Any CPU.ActiveCfg = Release|Any CPU
		{90F7284F-FADC-439C-BF60-C378989C06D5}.Release|Any CPU.Build.0 = Release|Any CPU
	EndGlobalSection
EndGlobal
